{
  "name": "triviados",
  "version": "1.0.0",
  "lockfileVersion": 1,
  "requires": true,
  "dependencies": {
    "bootstrap": {
      "version": "5.1.3",
      "resolved": "https://registry.npmjs.org/bootstrap/-/bootstrap-5.1.3.tgz",
      "integrity": "sha512-fcQztozJ8jToQWXxVuEyXWW+dSo8AiXWKwiSSrKWsRB/Qt+Ewwza+JWoLKiTuQLaEPhdNAJ7+Dosc9DOIqNy7Q=="
    },
    "sweetalert2": {
      "version": "11.2.0",
      "resolved": "https://registry.npmjs.org/sweetalert2/-/sweetalert2-11.2.0.tgz",
      "integrity": "sha512-KqvneLjlbM3JclVJ81GLqlElGZGeXEYpybYlcDkL99Pf1DrVW/VyaRu7BP8K0D+9XgXuJUg1huV1rel4Ud+8JQ=="
    }
  }
}
